
Microsoft Visual Studio Solution File, Format Version 12.00
# Visual Studio Version 17
VisualStudioVersion = 17.2.32505.173
MinimumVisualStudioVersion = 10.0.40219.1
Project("{8BC9CEB8-8B4A-11D0-8D11-00A0C91BC942}") = "Odin", "Odin\Odin.vcxproj", "{866FF179-A496-43EC-B688-809CAB61E063}"
EndProject
Project("{8BC9CEB8-8B4A-11D0-8D11-00A0C91BC942}") = "Detail", "Detail\Detail.vcxproj", "{2692CBC0-5636-460A-BBD0-C371B3C58AA7}"
EndProject
Project("{8BC9CEB8-8B4A-11D0-8D11-00A0C91BC942}") = "Supervisor", "Supervisor\Supervisor.vcxproj", "{4F56A0D2-0CAF-41C8-B00C-B41AD3B5ED90}"
EndProject
Project("{8BC9CEB8-8B4A-11D0-8D11-00A0C91BC942}") = "VenjorServer", "VenjorServer\VenjorServer.vcxproj", "{A19D1D43-3008-4A9C-84D9-F2A1B0895F81}"
EndProject
Project("{8BC9CEB8-8B4A-11D0-8D11-00A0C91BC942}") = "Engine", "Engine\Engine.vcxproj", "{874BC1FD-CE1E-46B9-94E7-9C06FB5E38F4}"
EndProject
Project("{8BC9CEB8-8B4A-11D0-8D11-00A0C91BC942}") = "MakeAddrCab", "MakeAddrCab\MakeAddrCab.vcxproj", "{ACAB1EEB-7D8D-40CB-ADE6-C3C6D2BA0E56}"
EndProject
Project("{8BC9CEB8-8B4A-11D0-8D11-00A0C91BC942}") = "NWDrv", "NWDrv\NWDrv.vcxproj", "{A73A535E-62DC-44D0-9761-29A4124DC700}"
EndProject
Project("{8BC9CEB8-8B4A-11D0-8D11-00A0C91BC942}") = "NWKDU", "NWKDU\NWKDU.vcxproj", "{96106BD1-1B17-4FAC-B63D-4B747836C17A}"
EndProject
Project("{8BC9CEB8-8B4A-11D0-8D11-00A0C91BC942}") = "AutoPatch", "AutoPatch\AutoPatch.vcxproj", "{5F00A95E-9FBB-4C30-95DE-C441BFF1AAFD}"
EndProject
Global
	GlobalSection(SolutionConfigurationPlatforms) = preSolution
		Debug|ARM = Debug|ARM
		Debug|ARM64 = Debug|ARM64
		Debug|Win32 = Debug|Win32
		Debug|x64 = Debug|x64
		Release|ARM = Release|ARM
		Release|ARM64 = Release|ARM64
		Release|Win32 = Release|Win32
		Release|x64 = Release|x64
	EndGlobalSection
	GlobalSection(ProjectConfigurationPlatforms) = postSolution
		{866FF179-A496-43EC-B688-809CAB61E063}.Debug|ARM.ActiveCfg = Debug|Win32
		{866FF179-A496-43EC-B688-809CAB61E063}.Debug|ARM64.ActiveCfg = Debug|Win32
		{866FF179-A496-43EC-B688-809CAB61E063}.Debug|Win32.ActiveCfg = Debug|Win32
		{866FF179-A496-43EC-B688-809CAB61E063}.Debug|Win32.Build.0 = Debug|Win32
		{866FF179-A496-43EC-B688-809CAB61E063}.Debug|x64.ActiveCfg = Debug|x64
		{866FF179-A496-43EC-B688-809CAB61E063}.Debug|x64.Build.0 = Debug|x64
		{866FF179-A496-43EC-B688-809CAB61E063}.Release|ARM.ActiveCfg = Release|Win32
		{866FF179-A496-43EC-B688-809CAB61E063}.Release|ARM64.ActiveCfg = Release|Win32
		{866FF179-A496-43EC-B688-809CAB61E063}.Release|Win32.ActiveCfg = Release|Win32
		{866FF179-A496-43EC-B688-809CAB61E063}.Release|Win32.Build.0 = Release|Win32
		{866FF179-A496-43EC-B688-809CAB61E063}.Release|x64.ActiveCfg = Release|x64
		{866FF179-A496-43EC-B688-809CAB61E063}.Release|x64.Build.0 = Release|x64
		{2692CBC0-5636-460A-BBD0-C371B3C58AA7}.Debug|ARM.ActiveCfg = Debug|Win32
		{2692CBC0-5636-460A-BBD0-C371B3C58AA7}.Debug|ARM64.ActiveCfg = Debug|Win32
		{2692CBC0-5636-460A-BBD0-C371B3C58AA7}.Debug|Win32.ActiveCfg = Debug|Win32
		{2692CBC0-5636-460A-BBD0-C371B3C58AA7}.Debug|Win32.Build.0 = Debug|Win32
		{2692CBC0-5636-460A-BBD0-C371B3C58AA7}.Debug|x64.ActiveCfg = Debug|x64
		{2692CBC0-5636-460A-BBD0-C371B3C58AA7}.Debug|x64.Build.0 = Debug|x64
		{2692CBC0-5636-460A-BBD0-C371B3C58AA7}.Release|ARM.ActiveCfg = Release|Win32
		{2692CBC0-5636-460A-BBD0-C371B3C58AA7}.Release|ARM64.ActiveCfg = Release|Win32
		{2692CBC0-5636-460A-BBD0-C371B3C58AA7}.Release|Win32.ActiveCfg = Release|Win32
		{2692CBC0-5636-460A-BBD0-C371B3C58AA7}.Release|Win32.Build.0 = Release|Win32
		{2692CBC0-5636-460A-BBD0-C371B3C58AA7}.Release|x64.ActiveCfg = Release|x64
		{2692CBC0-5636-460A-BBD0-C371B3C58AA7}.Release|x64.Build.0 = Release|x64
		{4F56A0D2-0CAF-41C8-B00C-B41AD3B5ED90}.Debug|ARM.ActiveCfg = Debug|Win32
		{4F56A0D2-0CAF-41C8-B00C-B41AD3B5ED90}.Debug|ARM64.ActiveCfg = Debug|Win32
		{4F56A0D2-0CAF-41C8-B00C-B41AD3B5ED90}.Debug|Win32.ActiveCfg = Debug|Win32
		{4F56A0D2-0CAF-41C8-B00C-B41AD3B5ED90}.Debug|Win32.Build.0 = Debug|Win32
		{4F56A0D2-0CAF-41C8-B00C-B41AD3B5ED90}.Debug|x64.ActiveCfg = Debug|Win32
		{4F56A0D2-0CAF-41C8-B00C-B41AD3B5ED90}.Debug|x64.Build.0 = Debug|Win32
		{4F56A0D2-0CAF-41C8-B00C-B41AD3B5ED90}.Release|ARM.ActiveCfg = Release|Win32
		{4F56A0D2-0CAF-41C8-B00C-B41AD3B5ED90}.Release|ARM64.ActiveCfg = Release|Win32
		{4F56A0D2-0CAF-41C8-B00C-B41AD3B5ED90}.Release|Win32.ActiveCfg = Release|Win32
		{4F56A0D2-0CAF-41C8-B00C-B41AD3B5ED90}.Release|Win32.Build.0 = Release|Win32
		{4F56A0D2-0CAF-41C8-B00C-B41AD3B5ED90}.Release|x64.ActiveCfg = Release|Win32
		{4F56A0D2-0CAF-41C8-B00C-B41AD3B5ED90}.Release|x64.Build.0 = Release|Win32
		{A19D1D43-3008-4A9C-84D9-F2A1B0895F81}.Debug|ARM.ActiveCfg = Debug|Win32
		{A19D1D43-3008-4A9C-84D9-F2A1B0895F81}.Debug|ARM64.ActiveCfg = Debug|Win32
		{A19D1D43-3008-4A9C-84D9-F2A1B0895F81}.Debug|Win32.ActiveCfg = Debug|Win32
		{A19D1D43-3008-4A9C-84D9-F2A1B0895F81}.Debug|Win32.Build.0 = Debug|Win32
		{A19D1D43-3008-4A9C-84D9-F2A1B0895F81}.Debug|x64.ActiveCfg = Debug|Win32
		{A19D1D43-3008-4A9C-84D9-F2A1B0895F81}.Debug|x64.Build.0 = Debug|Win32
		{A19D1D43-3008-4A9C-84D9-F2A1B0895F81}.Release|ARM.ActiveCfg = Release|Win32
		{A19D1D43-3008-4A9C-84D9-F2A1B0895F81}.Release|ARM64.ActiveCfg = Release|Win32
		{A19D1D43-3008-4A9C-84D9-F2A1B0895F81}.Release|Win32.ActiveCfg = Release|Win32
		{A19D1D43-3008-4A9C-84D9-F2A1B0895F81}.Release|Win32.Build.0 = Release|Win32
		{A19D1D43-3008-4A9C-84D9-F2A1B0895F81}.Release|x64.ActiveCfg = Release|Win32
		{A19D1D43-3008-4A9C-84D9-F2A1B0895F81}.Release|x64.Build.0 = Release|Win32
		{874BC1FD-CE1E-46B9-94E7-9C06FB5E38F4}.Debug|ARM.ActiveCfg = Debug|Win32
		{874BC1FD-CE1E-46B9-94E7-9C06FB5E38F4}.Debug|ARM64.ActiveCfg = Debug|Win32
		{874BC1FD-CE1E-46B9-94E7-9C06FB5E38F4}.Debug|Win32.ActiveCfg = Debug|Win32
		{874BC1FD-CE1E-46B9-94E7-9C06FB5E38F4}.Debug|Win32.Build.0 = Debug|Win32
		{874BC1FD-CE1E-46B9-94E7-9C06FB5E38F4}.Debug|x64.ActiveCfg = Debug|x64
		{874BC1FD-CE1E-46B9-94E7-9C06FB5E38F4}.Debug|x64.Build.0 = Debug|x64
		{874BC1FD-CE1E-46B9-94E7-9C06FB5E38F4}.Release|ARM.ActiveCfg = Release|Win32
		{874BC1FD-CE1E-46B9-94E7-9C06FB5E38F4}.Release|ARM64.ActiveCfg = Release|Win32
		{874BC1FD-CE1E-46B9-94E7-9C06FB5E38F4}.Release|Win32.ActiveCfg = Release|Win32
		{874BC1FD-CE1E-46B9-94E7-9C06FB5E38F4}.Release|Win32.Build.0 = Release|Win32
		{874BC1FD-CE1E-46B9-94E7-9C06FB5E38F4}.Release|x64.ActiveCfg = Release|x64
		{874BC1FD-CE1E-46B9-94E7-9C06FB5E38F4}.Release|x64.Build.0 = Release|x64
		{ACAB1EEB-7D8D-40CB-ADE6-C3C6D2BA0E56}.Debug|ARM.ActiveCfg = Debug|Win32
		{ACAB1EEB-7D8D-40CB-ADE6-C3C6D2BA0E56}.Debug|ARM64.ActiveCfg = Debug|Win32
		{ACAB1EEB-7D8D-40CB-ADE6-C3C6D2BA0E56}.Debug|Win32.ActiveCfg = Debug|Win32
		{ACAB1EEB-7D8D-40CB-ADE6-C3C6D2BA0E56}.Debug|Win32.Build.0 = Debug|Win32
		{ACAB1EEB-7D8D-40CB-ADE6-C3C6D2BA0E56}.Debug|x64.ActiveCfg = Debug|Win32
		{ACAB1EEB-7D8D-40CB-ADE6-C3C6D2BA0E56}.Release|ARM.ActiveCfg = Release|Win32
		{ACAB1EEB-7D8D-40CB-ADE6-C3C6D2BA0E56}.Release|ARM64.ActiveCfg = Release|Win32
		{ACAB1EEB-7D8D-40CB-ADE6-C3C6D2BA0E56}.Release|Win32.ActiveCfg = Release|Win32
		{ACAB1EEB-7D8D-40CB-ADE6-C3C6D2BA0E56}.Release|Win32.Build.0 = Release|Win32
		{ACAB1EEB-7D8D-40CB-ADE6-C3C6D2BA0E56}.Release|x64.ActiveCfg = Release|Win32
		{A73A535E-62DC-44D0-9761-29A4124DC700}.Debug|ARM.ActiveCfg = Debug|ARM
		{A73A535E-62DC-44D0-9761-29A4124DC700}.Debug|ARM.Build.0 = Debug|ARM
		{A73A535E-62DC-44D0-9761-29A4124DC700}.Debug|ARM.Deploy.0 = Debug|ARM
		{A73A535E-62DC-44D0-9761-29A4124DC700}.Debug|ARM64.ActiveCfg = Debug|ARM64
		{A73A535E-62DC-44D0-9761-29A4124DC700}.Debug|ARM64.Build.0 = Debug|ARM64
		{A73A535E-62DC-44D0-9761-29A4124DC700}.Debug|ARM64.Deploy.0 = Debug|ARM64
		{A73A535E-62DC-44D0-9761-29A4124DC700}.Debug|Win32.ActiveCfg = Debug|Win32
		{A73A535E-62DC-44D0-9761-29A4124DC700}.Debug|Win32.Build.0 = Debug|Win32
		{A73A535E-62DC-44D0-9761-29A4124DC700}.Debug|Win32.Deploy.0 = Debug|Win32
		{A73A535E-62DC-44D0-9761-29A4124DC700}.Debug|x64.ActiveCfg = Debug|x64
		{A73A535E-62DC-44D0-9761-29A4124DC700}.Debug|x64.Build.0 = Debug|x64
		{A73A535E-62DC-44D0-9761-29A4124DC700}.Debug|x64.Deploy.0 = Debug|x64
		{A73A535E-62DC-44D0-9761-29A4124DC700}.Release|ARM.ActiveCfg = Release|ARM
		{A73A535E-62DC-44D0-9761-29A4124DC700}.Release|ARM.Build.0 = Release|ARM
		{A73A535E-62DC-44D0-9761-29A4124DC700}.Release|ARM.Deploy.0 = Release|ARM
		{A73A535E-62DC-44D0-9761-29A4124DC700}.Release|ARM64.ActiveCfg = Release|ARM64
		{A73A535E-62DC-44D0-9761-29A4124DC700}.Release|ARM64.Build.0 = Release|ARM64
		{A73A535E-62DC-44D0-9761-29A4124DC700}.Release|ARM64.Deploy.0 = Release|ARM64
		{A73A535E-62DC-44D0-9761-29A4124DC700}.Release|Win32.ActiveCfg = Release|Win32
		{A73A535E-62DC-44D0-9761-29A4124DC700}.Release|Win32.Build.0 = Release|Win32
		{A73A535E-62DC-44D0-9761-29A4124DC700}.Release|Win32.Deploy.0 = Release|Win32
		{A73A535E-62DC-44D0-9761-29A4124DC700}.Release|x64.ActiveCfg = Release|x64
		{A73A535E-62DC-44D0-9761-29A4124DC700}.Release|x64.Build.0 = Release|x64
		{A73A535E-62DC-44D0-9761-29A4124DC700}.Release|x64.Deploy.0 = Release|x64
		{96106BD1-1B17-4FAC-B63D-4B747836C17A}.Debug|ARM.ActiveCfg = Debug|Win32
		{96106BD1-1B17-4FAC-B63D-4B747836C17A}.Debug|ARM64.ActiveCfg = Debug|Win32
		{96106BD1-1B17-4FAC-B63D-4B747836C17A}.Debug|Win32.ActiveCfg = Debug|Win32
		{96106BD1-1B17-4FAC-B63D-4B747836C17A}.Debug|Win32.Build.0 = Debug|Win32
		{96106BD1-1B17-4FAC-B63D-4B747836C17A}.Debug|x64.ActiveCfg = Debug|x64
		{96106BD1-1B17-4FAC-B63D-4B747836C17A}.Debug|x64.Build.0 = Debug|x64
		{96106BD1-1B17-4FAC-B63D-4B747836C17A}.Release|ARM.ActiveCfg = Release|Win32
		{96106BD1-1B17-4FAC-B63D-4B747836C17A}.Release|ARM64.ActiveCfg = Release|Win32
		{96106BD1-1B17-4FAC-B63D-4B747836C17A}.Release|Win32.ActiveCfg = Release|Win32
		{96106BD1-1B17-4FAC-B63D-4B747836C17A}.Release|Win32.Build.0 = Release|Win32
		{96106BD1-1B17-4FAC-B63D-4B747836C17A}.Release|x64.ActiveCfg = Release|x64
		{96106BD1-1B17-4FAC-B63D-4B747836C17A}.Release|x64.Build.0 = Release|x64
		{5F00A95E-9FBB-4C30-95DE-C441BFF1AAFD}.Debug|ARM.ActiveCfg = Debug|x64
		{5F00A95E-9FBB-4C30-95DE-C441BFF1AAFD}.Debug|ARM.Build.0 = Debug|x64
		{5F00A95E-9FBB-4C30-95DE-C441BFF1AAFD}.Debug|ARM64.ActiveCfg = Debug|x64
		{5F00A95E-9FBB-4C30-95DE-C441BFF1AAFD}.Debug|ARM64.Build.0 = Debug|x64
		{5F00A95E-9FBB-4C30-95DE-C441BFF1AAFD}.Debug|Win32.ActiveCfg = Debug|Win32
		{5F00A95E-9FBB-4C30-95DE-C441BFF1AAFD}.Debug|Win32.Build.0 = Debug|Win32
		{5F00A95E-9FBB-4C30-95DE-C441BFF1AAFD}.Debug|x64.ActiveCfg = Debug|x64
		{5F00A95E-9FBB-4C30-95DE-C441BFF1AAFD}.Debug|x64.Build.0 = Debug|x64
		{5F00A95E-9FBB-4C30-95DE-C441BFF1AAFD}.Release|ARM.ActiveCfg = Release|x64
		{5F00A95E-9FBB-4C30-95DE-C441BFF1AAFD}.Release|ARM.Build.0 = Release|x64
		{5F00A95E-9FBB-4C30-95DE-C441BFF1AAFD}.Release|ARM64.ActiveCfg = Release|x64
		{5F00A95E-9FBB-4C30-95DE-C441BFF1AAFD}.Release|ARM64.Build.0 = Release|x64
		{5F00A95E-9FBB-4C30-95DE-C441BFF1AAFD}.Release|Win32.ActiveCfg = Release|Win32
		{5F00A95E-9FBB-4C30-95DE-C441BFF1AAFD}.Release|Win32.Build.0 = Release|Win32
		{5F00A95E-9FBB-4C30-95DE-C441BFF1AAFD}.Release|x64.ActiveCfg = Release|x64
		{5F00A95E-9FBB-4C30-95DE-C441BFF1AAFD}.Release|x64.Build.0 = Release|x64
	EndGlobalSection
	GlobalSection(SolutionProperties) = preSolution
		HideSolutionNode = FALSE
	EndGlobalSection
	GlobalSection(ExtensibilityGlobals) = postSolution
		SolutionGuid = {1FE92157-3009-4D55-914D-0F32F717FF0B}
	EndGlobalSection
EndGlobal
