<?xml version="1.0" encoding="utf-8"?>
<Project ToolsVersion="4.0" xmlns="http://schemas.microsoft.com/developer/msbuild/2003">
  <ItemGroup>
    <Filter Include="Source Files">
      <UniqueIdentifier>{4FC737F1-C7A5-4376-A066-2A32D752A2FF}</UniqueIdentifier>
      <Extensions>cpp;c;cc;cxx;def;odl;idl;hpj;bat;asm;asmx</Extensions>
    </Filter>
    <Filter Include="Header Files">
      <UniqueIdentifier>{93995380-89BD-4b04-88EB-625FBE52EBFB}</UniqueIdentifier>
      <Extensions>h;hpp;hxx;hm;inl;inc;xsd</Extensions>
    </Filter>
    <Filter Include="Resource Files">
      <UniqueIdentifier>{67DA6AB6-F800-4c08-8B7A-83BB121AAD01}</UniqueIdentifier>
      <Extensions>rc;ico;cur;bmp;dlg;rc2;rct;bin;rgs;gif;jpg;jpeg;jpe;resx;tiff;tif;png;wav</Extensions>
    </Filter>
  </ItemGroup>
  <ItemGroup>
    <ClCompile Include="..\Client.cpp">
      <Filter>Source Files</Filter>
    </ClCompile>
    <ClCompile Include="ComboListCtrl.cpp">
      <Filter>Source Files</Filter>
    </ClCompile>
    <ClCompile Include="Detail.cpp">
      <Filter>Source Files</Filter>
    </ClCompile>
    <ClCompile Include="DetailDlg.cpp">
      <Filter>Source Files</Filter>
    </ClCompile>
    <ClCompile Include="..\Global.cpp">
      <Filter>Source Files</Filter>
    </ClCompile>
    <ClCompile Include="InPlaceCombo.cpp">
      <Filter>Source Files</Filter>
    </ClCompile>
    <ClCompile Include="InPlaceEdit.cpp">
      <Filter>Source Files</Filter>
    </ClCompile>
    <ClCompile Include="ItemBuy.cpp">
      <Filter>Source Files</Filter>
    </ClCompile>
    <ClCompile Include="ItemDetail.cpp">
      <Filter>Source Files</Filter>
    </ClCompile>
    <ClCompile Include="ItemReturn.cpp">
      <Filter>Source Files</Filter>
    </ClCompile>
    <ClCompile Include="NTProcessInfo.cpp">
      <Filter>Source Files</Filter>
    </ClCompile>
    <ClCompile Include="ScheduleBuy.cpp">
      <Filter>Source Files</Filter>
    </ClCompile>
    <ClCompile Include="ScheduleDetail.cpp">
      <Filter>Source Files</Filter>
    </ClCompile>
    <ClCompile Include="ScheduleHunt.cpp">
      <Filter>Source Files</Filter>
    </ClCompile>
    <ClCompile Include="ScheduleItem.cpp">
      <Filter>Source Files</Filter>
    </ClCompile>
    <ClCompile Include="ScheduleOther.cpp">
      <Filter>Source Files</Filter>
    </ClCompile>
    <ClCompile Include="SchedulePK.cpp">
      <Filter>Source Files</Filter>
    </ClCompile>
    <ClCompile Include="stdafx.cpp">
      <Filter>Source Files</Filter>
    </ClCompile>
    <ClCompile Include="SubLogInfo.cpp">
      <Filter>Source Files</Filter>
    </ClCompile>
    <ClCompile Include="SubSchedule.cpp">
      <Filter>Source Files</Filter>
    </ClCompile>
    <ClCompile Include="TextProgressCtrl.cpp">
      <Filter>Source Files</Filter>
    </ClCompile>
    <ClCompile Include="XTabCtrl.cpp">
      <Filter>Source Files</Filter>
    </ClCompile>
    <ClCompile Include="CPlayerName.cpp">
      <Filter>Source Files</Filter>
    </ClCompile>
    <ClCompile Include="..\AES.cpp">
      <Filter>Source Files</Filter>
    </ClCompile>
    <ClCompile Include="..\VMAttachEngine.cpp">
      <Filter>Source Files</Filter>
    </ClCompile>
    <ClCompile Include="AttachEngine.cpp">
      <Filter>Source Files</Filter>
    </ClCompile>
    <ClCompile Include="dbgSerial.cpp">
      <Filter>Source Files</Filter>
    </ClCompile>
    <ClCompile Include="SubDevelop.cpp">
      <Filter>Source Files</Filter>
    </ClCompile>
    <ClCompile Include="SkillInterval.cpp">
      <Filter>Source Files</Filter>
    </ClCompile>
    <ClCompile Include="ScheduleSkill.cpp">
      <Filter>Source Files</Filter>
    </ClCompile>
    <ClCompile Include="ScheduleMake.cpp">
      <Filter>Source Files</Filter>
    </ClCompile>
  </ItemGroup>
  <ItemGroup>
    <ClInclude Include="AttachEngine.h">
      <Filter>Header Files</Filter>
    </ClInclude>
    <ClInclude Include="..\Client.h">
      <Filter>Header Files</Filter>
    </ClInclude>
    <ClInclude Include="CMemDC.h">
      <Filter>Header Files</Filter>
    </ClInclude>
    <ClInclude Include="ComboListCtrl.h">
      <Filter>Header Files</Filter>
    </ClInclude>
    <ClInclude Include="Detail.h">
      <Filter>Header Files</Filter>
    </ClInclude>
    <ClInclude Include="DetailDlg.h">
      <Filter>Header Files</Filter>
    </ClInclude>
    <ClInclude Include="..\Global.h">
      <Filter>Header Files</Filter>
    </ClInclude>
    <ClInclude Include="InPlaceCombo.h">
      <Filter>Header Files</Filter>
    </ClInclude>
    <ClInclude Include="InPlaceEdit.h">
      <Filter>Header Files</Filter>
    </ClInclude>
    <ClInclude Include="ItemBuy.h">
      <Filter>Header Files</Filter>
    </ClInclude>
    <ClInclude Include="ItemDetail.h">
      <Filter>Header Files</Filter>
    </ClInclude>
    <ClInclude Include="ItemReturn.h">
      <Filter>Header Files</Filter>
    </ClInclude>
    <ClInclude Include="NTProcessInfo.h">
      <Filter>Header Files</Filter>
    </ClInclude>
    <ClInclude Include="Resource.h">
      <Filter>Header Files</Filter>
    </ClInclude>
    <ClInclude Include="ScheduleBuy.h">
      <Filter>Header Files</Filter>
    </ClInclude>
    <ClInclude Include="ScheduleDetail.h">
      <Filter>Header Files</Filter>
    </ClInclude>
    <ClInclude Include="ScheduleHunt.h">
      <Filter>Header Files</Filter>
    </ClInclude>
    <ClInclude Include="ScheduleItem.h">
      <Filter>Header Files</Filter>
    </ClInclude>
    <ClInclude Include="ScheduleOther.h">
      <Filter>Header Files</Filter>
    </ClInclude>
    <ClInclude Include="SchedulePK.h">
      <Filter>Header Files</Filter>
    </ClInclude>
    <ClInclude Include="stdafx.h">
      <Filter>Header Files</Filter>
    </ClInclude>
    <ClInclude Include="SubLogInfo.h">
      <Filter>Header Files</Filter>
    </ClInclude>
    <ClInclude Include="SubSchedule.h">
      <Filter>Header Files</Filter>
    </ClInclude>
    <ClInclude Include="targetver.h">
      <Filter>Header Files</Filter>
    </ClInclude>
    <ClInclude Include="TextProgressCtrl.h">
      <Filter>Header Files</Filter>
    </ClInclude>
    <ClInclude Include="..\VMProtectSDK.h">
      <Filter>Header Files</Filter>
    </ClInclude>
    <ClInclude Include="XTabCtrl.h">
      <Filter>Header Files</Filter>
    </ClInclude>
    <ClInclude Include="CPlayerName.h">
      <Filter>Header Files</Filter>
    </ClInclude>
    <ClInclude Include="..\AES.h">
      <Filter>Header Files</Filter>
    </ClInclude>
    <ClInclude Include="..\VMAttachEngine.h">
      <Filter>Header Files</Filter>
    </ClInclude>
    <ClInclude Include="dbgSerial.h">
      <Filter>Header Files</Filter>
    </ClInclude>
    <ClInclude Include="gconst.h">
      <Filter>Header Files</Filter>
    </ClInclude>
    <ClInclude Include="log.h">
      <Filter>Header Files</Filter>
    </ClInclude>
    <ClInclude Include="SubDevelop.h">
      <Filter>Header Files</Filter>
    </ClInclude>
    <ClInclude Include="SkillInterval.h">
      <Filter>Header Files</Filter>
    </ClInclude>
    <ClInclude Include="ScheduleSkill.h">
      <Filter>Header Files</Filter>
    </ClInclude>
    <ClInclude Include="ScheduleMake.h">
      <Filter>Header Files</Filter>
    </ClInclude>
  </ItemGroup>
  <ItemGroup>
    <Image Include="res\Detail.ico">
      <Filter>Resource Files</Filter>
    </Image>
  </ItemGroup>
  <ItemGroup>
    <ResourceCompile Include="Detail.rc">
      <Filter>Resource Files</Filter>
    </ResourceCompile>
  </ItemGroup>
  <ItemGroup>
    <None Include="res\Detail.rc2">
      <Filter>Resource Files</Filter>
    </None>
  </ItemGroup>
  <ItemGroup>
    <Text Include="ReadMe.txt" />
  </ItemGroup>
</Project>